
Microsoft Visual Studio Solution File, Format Version 12.00
# Visual Studio 14
VisualStudioVersion = 14.0.24720.0
MinimumVisualStudioVersion = 10.0.40219.1
Project("{FAE04EC0-301F-11D3-BF4B-00C04F79EFBC}") = "lab1_client", "lab1_client\lab1_client.csproj", "{26F4307C-C26D-436C-A12F-E315FC0D358A}"
EndProject
Global
	GlobalSection(SolutionConfigurationPlatforms) = preSolution
		Debug|Any CPU = Debug|Any CPU
		Release|Any CPU = Release|Any CPU
	EndGlobalSection
	GlobalSection(ProjectConfigurationPlatforms) = postSolution
		{26F4307C-C26D-436C-A12F-E315FC0D358A}.Debug|Any CPU.ActiveCfg = Debug|Any CPU
		{26F4307C-C26D-436C-A12F-E315FC0D358A}.Debug|Any CPU.Build.0 = Debug|Any CPU
		{26F4307C-C26D-436C-A12F-E315FC0D358A}.Release|Any CPU.ActiveCfg = Release|Any CPU
		{26F4307C-C26D-436C-A12F-E315FC0D358A}.Release|Any CPU.Build.0 = Release|Any CPU
	EndGlobalSection
	GlobalSection(SolutionProperties) = preSolution
		HideSolutionNode = FALSE
	EndGlobalSection
EndGlobal
